{
  "name": "desi-package",
  "version": "1.0.0",
  "lockfileVersion": 3,
  "requires": true,
  "packages": {
    "": {
      "name": "desi-package",
      "version": "1.0.0",
      "license": "MIT",
      "dependencies": {
        "desi-package": "^1.0.0"
      }
    },
    "node_modules/desi-package": {
      "version": "1.0.0",
      "resolved": "https://registry.npmjs.org/desi-package/-/desi-package-1.0.0.tgz",
      "integrity": "sha512-Jw2F63A5Q8LyLgZq6geHoKZQz5PTbRILjcCabb29v+dGtA82f9KEMCHqz75OD1CXQRXcDWrBT6F+wKetWXlv/g=="
    }
  }
}
